
Microsoft Visual Studio Solution File, Format Version 12.00
# Visual Studio Version 17
VisualStudioVersion = 17.5.33516.290
MinimumVisualStudioVersion = 10.0.40219.1
Project("{9A19103F-16F7-4668-BE54-9A1E7A4F7556}") = "WebApi", "WebApi\WebApi.csproj", "{45D02E79-1B13-4D10-8ABD-1DC5EE94A1CB}"
EndProject
Global
	GlobalSection(SolutionConfigurationPlatforms) = preSolution
		Debug|Any CPU = Debug|Any CPU
		Release|Any CPU = Release|Any CPU
	EndGlobalSection
	GlobalSection(ProjectConfigurationPlatforms) = postSolution
		{45D02E79-1B13-4D10-8ABD-1DC5EE94A1CB}.Debug|Any CPU.ActiveCfg = Debug|Any CPU
		{45D02E79-1B13-4D10-8ABD-1DC5EE94A1CB}.Debug|Any CPU.Build.0 = Debug|Any CPU
		{45D02E79-1B13-4D10-8ABD-1DC5EE94A1CB}.Release|Any CPU.ActiveCfg = Release|Any CPU
		{45D02E79-1B13-4D10-8ABD-1DC5EE94A1CB}.Release|Any CPU.Build.0 = Release|Any CPU
	EndGlobalSection
	GlobalSection(SolutionProperties) = preSolution
		HideSolutionNode = FALSE
	EndGlobalSection
	GlobalSection(ExtensibilityGlobals) = postSolution
		SolutionGuid = {46CB2FFA-C7E1-428E-89DC-B3D81E7EF12E}
	EndGlobalSection
EndGlobal
